
Microsoft Visual Studio Solution File, Format Version 12.00
# Visual Studio 15
VisualStudioVersion = 15.0.28307.1062
MinimumVisualStudioVersion = 10.0.40219.1
Project("{FAE04EC0-301F-11D3-BF4B-00C04F79EFBC}") = "Banking Simulator", "Banking Simulator\Banking Simulator.csproj", "{A27EAA3F-121D-4754-8F93-41D711C3AFC6}"
EndProject
Global
	GlobalSection(SolutionConfigurationPlatforms) = preSolution
		Debug|Any CPU = Debug|Any CPU
		Release|Any CPU = Release|Any CPU
	EndGlobalSection
	GlobalSection(ProjectConfigurationPlatforms) = postSolution
		{A27EAA3F-121D-4754-8F93-41D711C3AFC6}.Debug|Any CPU.ActiveCfg = Debug|Any CPU
		{A27EAA3F-121D-4754-8F93-41D711C3AFC6}.Debug|Any CPU.Build.0 = Debug|Any CPU
		{A27EAA3F-121D-4754-8F93-41D711C3AFC6}.Release|Any CPU.ActiveCfg = Release|Any CPU
		{A27EAA3F-121D-4754-8F93-41D711C3AFC6}.Release|Any CPU.Build.0 = Release|Any CPU
	EndGlobalSection
	GlobalSection(SolutionProperties) = preSolution
		HideSolutionNode = FALSE
	EndGlobalSection
	GlobalSection(ExtensibilityGlobals) = postSolution
		SolutionGuid = {FFB4218D-C868-4E03-A6AB-68BA93391C6A}
	EndGlobalSection
EndGlobal
